
Microsoft Visual Studio Solution File, Format Version 11.00
# Visual Basic Express 2010
Project("{F184B08F-C81C-45F6-A57F-5ABD9991F28F}") = "Oleosig", "Oleosig.vbproj", "{E427D767-36A2-4BED-9038-19A44E238DE8}"
EndProject
Project("{F184B08F-C81C-45F6-A57F-5ABD9991F28F}") = "Capadatos", "..\capadatos\Capadatos.vbproj", "{B2B208D6-9FBD-45FD-B62B-4BB01BA544CC}"
EndProject
Global
	GlobalSection(SolutionConfigurationPlatforms) = preSolution
		Debug|Any CPU = Debug|Any CPU
		Release|Any CPU = Release|Any CPU
	EndGlobalSection
	GlobalSection(ProjectConfigurationPlatforms) = postSolution
		{E427D767-36A2-4BED-9038-19A44E238DE8}.Debug|Any CPU.ActiveCfg = Debug|Any CPU
		{E427D767-36A2-4BED-9038-19A44E238DE8}.Debug|Any CPU.Build.0 = Debug|Any CPU
		{E427D767-36A2-4BED-9038-19A44E238DE8}.Release|Any CPU.ActiveCfg = Release|Any CPU
		{E427D767-36A2-4BED-9038-19A44E238DE8}.Release|Any CPU.Build.0 = Release|Any CPU
		{B2B208D6-9FBD-45FD-B62B-4BB01BA544CC}.Debug|Any CPU.ActiveCfg = Debug|Any CPU
		{B2B208D6-9FBD-45FD-B62B-4BB01BA544CC}.Debug|Any CPU.Build.0 = Debug|Any CPU
		{B2B208D6-9FBD-45FD-B62B-4BB01BA544CC}.Release|Any CPU.ActiveCfg = Release|Any CPU
		{B2B208D6-9FBD-45FD-B62B-4BB01BA544CC}.Release|Any CPU.Build.0 = Release|Any CPU
	EndGlobalSection
	GlobalSection(SolutionProperties) = preSolution
		HideSolutionNode = FALSE
	EndGlobalSection
EndGlobal
